
Microsoft Visual Studio Solution File, Format Version 10.00
# Visual Studio 2008
Project("{FAE04EC0-301F-11D3-BF4B-00C04F79EFBC}") = "the game", "the game\the game.csproj", "{C43A5A70-6BB6-4D3D-AC80-4EF4B77B8513}"
EndProject
Project("{54435603-DBB4-11D2-8724-00A0C9A8B90C}") = "SnakeSetup", "SnakeSetup\SnakeSetup.vdproj", "{45AB8431-580A-4628-9A18-C7CD189362B1}"
EndProject
Global
	GlobalSection(SolutionConfigurationPlatforms) = preSolution
		Debug|Any CPU = Debug|Any CPU
		Release|Any CPU = Release|Any CPU
	EndGlobalSection
	GlobalSection(ProjectConfigurationPlatforms) = postSolution
		{C43A5A70-6BB6-4D3D-AC80-4EF4B77B8513}.Debug|Any CPU.ActiveCfg = Debug|Any CPU
		{C43A5A70-6BB6-4D3D-AC80-4EF4B77B8513}.Debug|Any CPU.Build.0 = Debug|Any CPU
		{C43A5A70-6BB6-4D3D-AC80-4EF4B77B8513}.Release|Any CPU.ActiveCfg = Release|Any CPU
		{C43A5A70-6BB6-4D3D-AC80-4EF4B77B8513}.Release|Any CPU.Build.0 = Release|Any CPU
		{45AB8431-580A-4628-9A18-C7CD189362B1}.Debug|Any CPU.ActiveCfg = Debug
		{45AB8431-580A-4628-9A18-C7CD189362B1}.Release|Any CPU.ActiveCfg = Release
	EndGlobalSection
	GlobalSection(SolutionProperties) = preSolution
		HideSolutionNode = FALSE
	EndGlobalSection
EndGlobal
